
Microsoft Visual Studio Solution File, Format Version 12.00
# Visual Studio 15
VisualStudioVersion = 15.0.28307.106
MinimumVisualStudioVersion = 10.0.40219.1
Project("{FAE04EC0-301F-11D3-BF4B-00C04F79EFBC}") = "OOP1", "OOP1\OOP1.csproj", "{DFB8A8DE-06D2-43FC-BAE1-A3629AAA556D}"
EndProject
Global
	GlobalSection(SolutionConfigurationPlatforms) = preSolution
		Debug|Any CPU = Debug|Any CPU
		Release|Any CPU = Release|Any CPU
	EndGlobalSection
	GlobalSection(ProjectConfigurationPlatforms) = postSolution
		{DFB8A8DE-06D2-43FC-BAE1-A3629AAA556D}.Debug|Any CPU.ActiveCfg = Debug|Any CPU
		{DFB8A8DE-06D2-43FC-BAE1-A3629AAA556D}.Debug|Any CPU.Build.0 = Debug|Any CPU
		{DFB8A8DE-06D2-43FC-BAE1-A3629AAA556D}.Release|Any CPU.ActiveCfg = Release|Any CPU
		{DFB8A8DE-06D2-43FC-BAE1-A3629AAA556D}.Release|Any CPU.Build.0 = Release|Any CPU
	EndGlobalSection
	GlobalSection(SolutionProperties) = preSolution
		HideSolutionNode = FALSE
	EndGlobalSection
	GlobalSection(ExtensibilityGlobals) = postSolution
		SolutionGuid = {932F0106-1115-4E81-81A5-974464EC7901}
	EndGlobalSection
EndGlobal
